// !$*UTF8*$!
{
	archiveVersion = 1;
	classes = {
	};
	objectVersion = 56;
	objects = {

/* Begin PBXBuildFile section */
		01D4D7632A7CF76700EFB9D0 /* AppDelegate.m in Sources */ = {isa = PBXBuildFile; fileRef = 01D4D7622A7CF76700EFB9D0 /* AppDelegate.m */; };
		01D4D7662A7CF76700EFB9D0 /* SceneDelegate.m in Sources */ = {isa = PBXBuildFile; fileRef = 01D4D7652A7CF76700EFB9D0 /* SceneDelegate.m */; };
		01D4D7692A7CF76700EFB9D0 /* ViewController.m in Sources */ = {isa = PBXBuildFile; fileRef = 01D4D7682A7CF76700EFB9D0 /* ViewController.m */; };
		01D4D76C2A7CF76700EFB9D0 /* Main.storyboard in Resources */ = {isa = PBXBuildFile; fileRef = 01D4D76A2A7CF76700EFB9D0 /* Main.storyboard */; };
		01D4D76E2A7CF76900EFB9D0 /* Assets.xcassets in Resources */ = {isa = PBXBuildFile; fileRef = 01D4D76D2A7CF76900EFB9D0 /* Assets.xcassets */; };
		01D4D7712A7CF76900EFB9D0 /* LaunchScreen.storyboard in Resources */ = {isa = PBXBuildFile; fileRef = 01D4D76F2A7CF76900EFB9D0 /* LaunchScreen.storyboard */; };
		01D4D7742A7CF76900EFB9D0 /* main.m in Sources */ = {isa = PBXBuildFile; fileRef = 01D4D7732A7CF76900EFB9D0 /* main.m */; };
		01D4D9712A7CFA2500EFB9D0 /* RadicatAsciiLaxativeView.m in Sources */ = {isa = PBXBuildFile; fileRef = 01D4D94B2A7CFA2500EFB9D0 /* RadicatAsciiLaxativeView.m */; };
		01D4D9722A7CFA2500EFB9D0 /* VrNuptialsPerishedViewController.m in Sources */ = {isa = PBXBuildFile; fileRef = 01D4D94C2A7CFA2500EFB9D0 /* VrNuptialsPerishedViewController.m */; };
		01D4D9732A7CFA2500EFB9D0 /* MothballYessirRolyManager.m in Sources */ = {isa = PBXBuildFile; fileRef = 01D4D94D2A7CFA2500EFB9D0 /* MothballYessirRolyManager.m */; };
		01D4D9742A7CFA2500EFB9D0 /* LibyanIrrecoverableManager.m in Sources */ = {isa = PBXBuildFile; fileRef = 01D4D94F2A7CFA2500EFB9D0 /* LibyanIrrecoverableManager.m */; };
		01D4D9752A7CFA2500EFB9D0 /* BrindlAccomplishedViewController.m in Sources */ = {isa = PBXBuildFile; fileRef = 01D4D9502A7CFA2500EFB9D0 /* BrindlAccomplishedViewController.m */; };
		01D4D9762A7CFA2500EFB9D0 /* GodhadAitchCivilianViewController.m in Sources */ = {isa = PBXBuildFile; fileRef = 01D4D9512A7CFA2500EFB9D0 /* GodhadAitchCivilianViewController.m */; };
		01D4D9772A7CFA2500EFB9D0 /* BrindlFuselageViewController.m in Sources */ = {isa = PBXBuildFile; fileRef = 01D4D9542A7CFA2500EFB9D0 /* BrindlFuselageViewController.m */; };
		01D4D9782A7CFA2500EFB9D0 /* FreCompellEventualModel.m in Sources */ = {isa = PBXBuildFile; fileRef = 01D4D9592A7CFA2500EFB9D0 /* FreCompellEventualModel.m */; };
		01D4D9792A7CFA2500EFB9D0 /* FreAimlessly.m in Sources */ = {isa = PBXBuildFile; fileRef = 01D4D95B2A7CFA2500EFB9D0 /* FreAimlessly.m */; };
		01D4D97A2A7CFA2500EFB9D0 /* NdrdonReanimatePlungController.m in Sources */ = {isa = PBXBuildFile; fileRef = 01D4D95C2A7CFA2500EFB9D0 /* NdrdonReanimatePlungController.m */; };
		01D4D97B2A7CFA2500EFB9D0 /* MckPretenceStetsonModel.m in Sources */ = {isa = PBXBuildFile; fileRef = 01D4D95F2A7CFA2500EFB9D0 /* MckPretenceStetsonModel.m */; };
		01D4D97C2A7CFA2500EFB9D0 /* FryEngagedComelyViewController.m in Sources */ = {isa = PBXBuildFile; fileRef = 01D4D9602A7CFA2500EFB9D0 /* FryEngagedComelyViewController.m */; };
		01D4D97D2A7CFA2500EFB9D0 /* BlondWholenessVainlyManager.m in Sources */ = {isa = PBXBuildFile; fileRef = 01D4D9642A7CFA2500EFB9D0 /* BlondWholenessVainlyManager.m */; };
		01D4D97E2A7CFA2500EFB9D0 /* OrganisationalSkewerViewController.m in Sources */ = {isa = PBXBuildFile; fileRef = 01D4D9662A7CFA2500EFB9D0 /* OrganisationalSkewerViewController.m */; };
		01D4D97F2A7CFA2500EFB9D0 /* LibyanAsciiCharbroilCell.m in Sources */ = {isa = PBXBuildFile; fileRef = 01D4D9672A7CFA2500EFB9D0 /* LibyanAsciiCharbroilCell.m */; };
		01D4D9802A7CFA2500EFB9D0 /* ObsSpyglassAbaseTableViewCell.m in Sources */ = {isa = PBXBuildFile; fileRef = 01D4D9682A7CFA2500EFB9D0 /* ObsSpyglassAbaseTableViewCell.m */; };
		01D4D9812A7CFA2500EFB9D0 /* FryDeftSpokenViewController.m in Sources */ = {isa = PBXBuildFile; fileRef = 01D4D96A2A7CFA2500EFB9D0 /* FryDeftSpokenViewController.m */; };
		01D4D9822A7CFA2500EFB9D0 /* RadicatAsciiSupineTableViewCell.m in Sources */ = {isa = PBXBuildFile; fileRef = 01D4D96B2A7CFA2500EFB9D0 /* RadicatAsciiSupineTableViewCell.m */; };
		01D4D9832A7CFA2500EFB9D0 /* BasqHolmiumHawkerManager.m in Sources */ = {isa = PBXBuildFile; fileRef = 01D4D96E2A7CFA2500EFB9D0 /* BasqHolmiumHawkerManager.m */; };
/* End PBXBuildFile section */

/* Begin PBXFileReference section */
		01D4D75E2A7CF76700EFB9D0 /* Runner.app */ = {isa = PBXFileReference; explicitFileType = wrapper.application; includeInIndex = 0; path = Runner.app; sourceTree = BUILT_PRODUCTS_DIR; };
		01D4D7612A7CF76700EFB9D0 /* AppDelegate.h */ = {isa = PBXFileReference; lastKnownFileType = sourcecode.c.h; path = AppDelegate.h; sourceTree = "<group>"; };
		01D4D7622A7CF76700EFB9D0 /* AppDelegate.m */ = {isa = PBXFileReference; lastKnownFileType = sourcecode.c.objc; path = AppDelegate.m; sourceTree = "<group>"; };
		01D4D7642A7CF76700EFB9D0 /* SceneDelegate.h */ = {isa = PBXFileReference; lastKnownFileType = sourcecode.c.h; path = SceneDelegate.h; sourceTree = "<group>"; };
		01D4D7652A7CF76700EFB9D0 /* SceneDelegate.m */ = {isa = PBXFileReference; lastKnownFileType = sourcecode.c.objc; path = SceneDelegate.m; sourceTree = "<group>"; };
		01D4D7672A7CF76700EFB9D0 /* ViewController.h */ = {isa = PBXFileReference; lastKnownFileType = sourcecode.c.h; path = ViewController.h; sourceTree = "<group>"; };
		01D4D7682A7CF76700EFB9D0 /* ViewController.m */ = {isa = PBXFileReference; lastKnownFileType = sourcecode.c.objc; path = ViewController.m; sourceTree = "<group>"; };
		01D4D76B2A7CF76700EFB9D0 /* Base */ = {isa = PBXFileReference; lastKnownFileType = file.storyboard; name = Base; path = Base.lproj/Main.storyboard; sourceTree = "<group>"; };
		01D4D76D2A7CF76900EFB9D0 /* Assets.xcassets */ = {isa = PBXFileReference; lastKnownFileType = folder.assetcatalog; path = Assets.xcassets; sourceTree = "<group>"; };
		01D4D7702A7CF76900EFB9D0 /* Base */ = {isa = PBXFileReference; lastKnownFileType = file.storyboard; name = Base; path = Base.lproj/LaunchScreen.storyboard; sourceTree = "<group>"; };
		01D4D7722A7CF76900EFB9D0 /* Info.plist */ = {isa = PBXFileReference; lastKnownFileType = text.plist.xml; path = Info.plist; sourceTree = "<group>"; };
		01D4D7732A7CF76900EFB9D0 /* main.m */ = {isa = PBXFileReference; lastKnownFileType = sourcecode.c.objc; path = main.m; sourceTree = "<group>"; };
		01D4D94A2A7CFA2500EFB9D0 /* MckPretenceStetsonModel.h */ = {isa = PBXFileReference; fileEncoding = 4; lastKnownFileType = sourcecode.c.h; path = MckPretenceStetsonModel.h; sourceTree = "<group>"; };
		01D4D94B2A7CFA2500EFB9D0 /* RadicatAsciiLaxativeView.m */ = {isa = PBXFileReference; fileEncoding = 4; lastKnownFileType = sourcecode.c.objc; path = RadicatAsciiLaxativeView.m; sourceTree = "<group>"; };
		01D4D94C2A7CFA2500EFB9D0 /* VrNuptialsPerishedViewController.m */ = {isa = PBXFileReference; fileEncoding = 4; lastKnownFileType = sourcecode.c.objc; path = VrNuptialsPerishedViewController.m; sourceTree = "<group>"; };
		01D4D94D2A7CFA2500EFB9D0 /* MothballYessirRolyManager.m */ = {isa = PBXFileReference; fileEncoding = 4; lastKnownFileType = sourcecode.c.objc; path = MothballYessirRolyManager.m; sourceTree = "<group>"; };
		01D4D94E2A7CFA2500EFB9D0 /* BlondWholenessVainlyManager.h */ = {isa = PBXFileReference; fileEncoding = 4; lastKnownFileType = sourcecode.c.h; path = BlondWholenessVainlyManager.h; sourceTree = "<group>"; };
		01D4D94F2A7CFA2500EFB9D0 /* LibyanIrrecoverableManager.m */ = {isa = PBXFileReference; fileEncoding = 4; lastKnownFileType = sourcecode.c.objc; path = LibyanIrrecoverableManager.m; sourceTree = "<group>"; };
		01D4D9502A7CFA2500EFB9D0 /* BrindlAccomplishedViewController.m */ = {isa = PBXFileReference; fileEncoding = 4; lastKnownFileType = sourcecode.c.objc; path = BrindlAccomplishedViewController.m; sourceTree = "<group>"; };
		01D4D9512A7CFA2500EFB9D0 /* GodhadAitchCivilianViewController.m */ = {isa = PBXFileReference; fileEncoding = 4; lastKnownFileType = sourcecode.c.objc; path = GodhadAitchCivilianViewController.m; sourceTree = "<group>"; };
		01D4D9522A7CFA2500EFB9D0 /* FryEngagedComelyViewController.h */ = {isa = PBXFileReference; fileEncoding = 4; lastKnownFileType = sourcecode.c.h; path = FryEngagedComelyViewController.h; sourceTree = "<group>"; };
		01D4D9532A7CFA2500EFB9D0 /* RadicatAsciiSupineTableViewCell.h */ = {isa = PBXFileReference; fileEncoding = 4; lastKnownFileType = sourcecode.c.h; path = RadicatAsciiSupineTableViewCell.h; sourceTree = "<group>"; };
		01D4D9542A7CFA2500EFB9D0 /* BrindlFuselageViewController.m */ = {isa = PBXFileReference; fileEncoding = 4; lastKnownFileType = sourcecode.c.objc; path = BrindlFuselageViewController.m; sourceTree = "<group>"; };
		01D4D9552A7CFA2500EFB9D0 /* FryDeftSpokenViewController.h */ = {isa = PBXFileReference; fileEncoding = 4; lastKnownFileType = sourcecode.c.h; path = FryDeftSpokenViewController.h; sourceTree = "<group>"; };
		01D4D9562A7CFA2500EFB9D0 /* ObsSpyglassAbaseTableViewCell.h */ = {isa = PBXFileReference; fileEncoding = 4; lastKnownFileType = sourcecode.c.h; path = ObsSpyglassAbaseTableViewCell.h; sourceTree = "<group>"; };
		01D4D9572A7CFA2500EFB9D0 /* LibyanAsciiCharbroilCell.h */ = {isa = PBXFileReference; fileEncoding = 4; lastKnownFileType = sourcecode.c.h; path = LibyanAsciiCharbroilCell.h; sourceTree = "<group>"; };
		01D4D9582A7CFA2500EFB9D0 /* OrganisationalSkewerViewController.h */ = {isa = PBXFileReference; fileEncoding = 4; lastKnownFileType = sourcecode.c.h; path = OrganisationalSkewerViewController.h; sourceTree = "<group>"; };
		01D4D9592A7CFA2500EFB9D0 /* FreCompellEventualModel.m */ = {isa = PBXFileReference; fileEncoding = 4; lastKnownFileType = sourcecode.c.objc; path = FreCompellEventualModel.m; sourceTree = "<group>"; };
		01D4D95A2A7CFA2500EFB9D0 /* BasqHolmiumHawkerManager.h */ = {isa = PBXFileReference; fileEncoding = 4; lastKnownFileType = sourcecode.c.h; path = BasqHolmiumHawkerManager.h; sourceTree = "<group>"; };
		01D4D95B2A7CFA2500EFB9D0 /* FreAimlessly.m */ = {isa = PBXFileReference; fileEncoding = 4; lastKnownFileType = sourcecode.c.objc; path = FreAimlessly.m; sourceTree = "<group>"; };
		01D4D95C2A7CFA2500EFB9D0 /* NdrdonReanimatePlungController.m */ = {isa = PBXFileReference; fileEncoding = 4; lastKnownFileType = sourcecode.c.objc; path = NdrdonReanimatePlungController.m; sourceTree = "<group>"; };
		01D4D95D2A7CFA2500EFB9D0 /* VrNuptialsPerishedViewController.h */ = {isa = PBXFileReference; fileEncoding = 4; lastKnownFileType = sourcecode.c.h; path = VrNuptialsPerishedViewController.h; sourceTree = "<group>"; };
		01D4D95E2A7CFA2500EFB9D0 /* RadicatAsciiLaxativeView.h */ = {isa = PBXFileReference; fileEncoding = 4; lastKnownFileType = sourcecode.c.h; path = RadicatAsciiLaxativeView.h; sourceTree = "<group>"; };
		01D4D95F2A7CFA2500EFB9D0 /* MckPretenceStetsonModel.m */ = {isa = PBXFileReference; fileEncoding = 4; lastKnownFileType = sourcecode.c.objc; path = MckPretenceStetsonModel.m; sourceTree = "<group>"; };
		01D4D9602A7CFA2500EFB9D0 /* FryEngagedComelyViewController.m */ = {isa = PBXFileReference; fileEncoding = 4; lastKnownFileType = sourcecode.c.objc; path = FryEngagedComelyViewController.m; sourceTree = "<group>"; };
		01D4D9612A7CFA2500EFB9D0 /* GodhadAitchCivilianViewController.h */ = {isa = PBXFileReference; fileEncoding = 4; lastKnownFileType = sourcecode.c.h; path = GodhadAitchCivilianViewController.h; sourceTree = "<group>"; };
		01D4D9622A7CFA2500EFB9D0 /* BrindlAccomplishedViewController.h */ = {isa = PBXFileReference; fileEncoding = 4; lastKnownFileType = sourcecode.c.h; path = BrindlAccomplishedViewController.h; sourceTree = "<group>"; };
		01D4D9632A7CFA2500EFB9D0 /* LibyanIrrecoverableManager.h */ = {isa = PBXFileReference; fileEncoding = 4; lastKnownFileType = sourcecode.c.h; path = LibyanIrrecoverableManager.h; sourceTree = "<group>"; };
		01D4D9642A7CFA2500EFB9D0 /* BlondWholenessVainlyManager.m */ = {isa = PBXFileReference; fileEncoding = 4; lastKnownFileType = sourcecode.c.objc; path = BlondWholenessVainlyManager.m; sourceTree = "<group>"; };
		01D4D9652A7CFA2500EFB9D0 /* MothballYessirRolyManager.h */ = {isa = PBXFileReference; fileEncoding = 4; lastKnownFileType = sourcecode.c.h; path = MothballYessirRolyManager.h; sourceTree = "<group>"; };
		01D4D9662A7CFA2500EFB9D0 /* OrganisationalSkewerViewController.m */ = {isa = PBXFileReference; fileEncoding = 4; lastKnownFileType = sourcecode.c.objc; path = OrganisationalSkewerViewController.m; sourceTree = "<group>"; };
		01D4D9672A7CFA2500EFB9D0 /* LibyanAsciiCharbroilCell.m */ = {isa = PBXFileReference; fileEncoding = 4; lastKnownFileType = sourcecode.c.objc; path = LibyanAsciiCharbroilCell.m; sourceTree = "<group>"; };
		01D4D9682A7CFA2500EFB9D0 /* ObsSpyglassAbaseTableViewCell.m */ = {isa = PBXFileReference; fileEncoding = 4; lastKnownFileType = sourcecode.c.objc; path = ObsSpyglassAbaseTableViewCell.m; sourceTree = "<group>"; };
		01D4D9692A7CFA2500EFB9D0 /* BrindlFuselageViewController.h */ = {isa = PBXFileReference; fileEncoding = 4; lastKnownFileType = sourcecode.c.h; path = BrindlFuselageViewController.h; sourceTree = "<group>"; };
		01D4D96A2A7CFA2500EFB9D0 /* FryDeftSpokenViewController.m */ = {isa = PBXFileReference; fileEncoding = 4; lastKnownFileType = sourcecode.c.objc; path = FryDeftSpokenViewController.m; sourceTree = "<group>"; };
		01D4D96B2A7CFA2500EFB9D0 /* RadicatAsciiSupineTableViewCell.m */ = {isa = PBXFileReference; fileEncoding = 4; lastKnownFileType = sourcecode.c.objc; path = RadicatAsciiSupineTableViewCell.m; sourceTree = "<group>"; };
		01D4D96C2A7CFA2500EFB9D0 /* NdrdonReanimatePlungController.h */ = {isa = PBXFileReference; fileEncoding = 4; lastKnownFileType = sourcecode.c.h; path = NdrdonReanimatePlungController.h; sourceTree = "<group>"; };
		01D4D96D2A7CFA2500EFB9D0 /* FreAimlessly.h */ = {isa = PBXFileReference; fileEncoding = 4; lastKnownFileType = sourcecode.c.h; path = FreAimlessly.h; sourceTree = "<group>"; };
		01D4D96E2A7CFA2500EFB9D0 /* BasqHolmiumHawkerManager.m */ = {isa = PBXFileReference; fileEncoding = 4; lastKnownFileType = sourcecode.c.objc; path = BasqHolmiumHawkerManager.m; sourceTree = "<group>"; };
		01D4D96F2A7CFA2500EFB9D0 /* FreCompellEventualModel.h */ = {isa = PBXFileReference; fileEncoding = 4; lastKnownFileType = sourcecode.c.h; path = FreCompellEventualModel.h; sourceTree = "<group>"; };
		01D4D9702A7CFA2500EFB9D0 /* PrefixHeader.pch */ = {isa = PBXFileReference; fileEncoding = 4; lastKnownFileType = sourcecode.c.h; path = PrefixHeader.pch; sourceTree = "<group>"; };
/* End PBXFileReference section */

/* Begin PBXFrameworksBuildPhase section */
		01D4D75B2A7CF76700EFB9D0 /* Frameworks */ = {
			isa = PBXFrameworksBuildPhase;
			buildActionMask = 2147483647;
			files = (
			);
			runOnlyForDeploymentPostprocessing = 0;
		};
/* End PBXFrameworksBuildPhase section */

/* Begin PBXGroup section */
		01D4D7552A7CF76700EFB9D0 = {
			isa = PBXGroup;
			children = (
				01D4D7602A7CF76700EFB9D0 /* Runner */,
				01D4D75F2A7CF76700EFB9D0 /* Products */,
			);
			sourceTree = "<group>";
		};
		01D4D75F2A7CF76700EFB9D0 /* Products */ = {
			isa = PBXGroup;
			children = (
				01D4D75E2A7CF76700EFB9D0 /* Runner.app */,
			);
			name = Products;
			sourceTree = "<group>";
		};
		01D4D7602A7CF76700EFB9D0 /* Runner */ = {
			isa = PBXGroup;
			children = (
				01D4D9492A7CFA2500EFB9D0 /* Classes */,
				01D4D9702A7CFA2500EFB9D0 /* PrefixHeader.pch */,
				01D4D7612A7CF76700EFB9D0 /* AppDelegate.h */,
				01D4D7622A7CF76700EFB9D0 /* AppDelegate.m */,
				01D4D7642A7CF76700EFB9D0 /* SceneDelegate.h */,
				01D4D7652A7CF76700EFB9D0 /* SceneDelegate.m */,
				01D4D7672A7CF76700EFB9D0 /* ViewController.h */,
				01D4D7682A7CF76700EFB9D0 /* ViewController.m */,
				01D4D76A2A7CF76700EFB9D0 /* Main.storyboard */,
				01D4D76D2A7CF76900EFB9D0 /* Assets.xcassets */,
				01D4D76F2A7CF76900EFB9D0 /* LaunchScreen.storyboard */,
				01D4D7722A7CF76900EFB9D0 /* Info.plist */,
				01D4D7732A7CF76900EFB9D0 /* main.m */,
			);
			path = Runner;
			sourceTree = "<group>";
		};
		01D4D9492A7CFA2500EFB9D0 /* Classes */ = {
			isa = PBXGroup;
			children = (
				01D4D95A2A7CFA2500EFB9D0 /* BasqHolmiumHawkerManager.h */,
				01D4D96E2A7CFA2500EFB9D0 /* BasqHolmiumHawkerManager.m */,
				01D4D94E2A7CFA2500EFB9D0 /* BlondWholenessVainlyManager.h */,
				01D4D9642A7CFA2500EFB9D0 /* BlondWholenessVainlyManager.m */,
				01D4D9622A7CFA2500EFB9D0 /* BrindlAccomplishedViewController.h */,
				01D4D9502A7CFA2500EFB9D0 /* BrindlAccomplishedViewController.m */,
				01D4D9692A7CFA2500EFB9D0 /* BrindlFuselageViewController.h */,
				01D4D9542A7CFA2500EFB9D0 /* BrindlFuselageViewController.m */,
				01D4D96D2A7CFA2500EFB9D0 /* FreAimlessly.h */,
				01D4D95B2A7CFA2500EFB9D0 /* FreAimlessly.m */,
				01D4D96F2A7CFA2500EFB9D0 /* FreCompellEventualModel.h */,
				01D4D9592A7CFA2500EFB9D0 /* FreCompellEventualModel.m */,
				01D4D9552A7CFA2500EFB9D0 /* FryDeftSpokenViewController.h */,
				01D4D96A2A7CFA2500EFB9D0 /* FryDeftSpokenViewController.m */,
				01D4D9522A7CFA2500EFB9D0 /* FryEngagedComelyViewController.h */,
				01D4D9602A7CFA2500EFB9D0 /* FryEngagedComelyViewController.m */,
				01D4D9612A7CFA2500EFB9D0 /* GodhadAitchCivilianViewController.h */,
				01D4D9512A7CFA2500EFB9D0 /* GodhadAitchCivilianViewController.m */,
				01D4D9572A7CFA2500EFB9D0 /* LibyanAsciiCharbroilCell.h */,
				01D4D9672A7CFA2500EFB9D0 /* LibyanAsciiCharbroilCell.m */,
				01D4D9632A7CFA2500EFB9D0 /* LibyanIrrecoverableManager.h */,
				01D4D94F2A7CFA2500EFB9D0 /* LibyanIrrecoverableManager.m */,
				01D4D94A2A7CFA2500EFB9D0 /* MckPretenceStetsonModel.h */,
				01D4D95F2A7CFA2500EFB9D0 /* MckPretenceStetsonModel.m */,
				01D4D9652A7CFA2500EFB9D0 /* MothballYessirRolyManager.h */,
				01D4D94D2A7CFA2500EFB9D0 /* MothballYessirRolyManager.m */,
				01D4D96C2A7CFA2500EFB9D0 /* NdrdonReanimatePlungController.h */,
				01D4D95C2A7CFA2500EFB9D0 /* NdrdonReanimatePlungController.m */,
				01D4D9562A7CFA2500EFB9D0 /* ObsSpyglassAbaseTableViewCell.h */,
				01D4D9682A7CFA2500EFB9D0 /* ObsSpyglassAbaseTableViewCell.m */,
				01D4D9582A7CFA2500EFB9D0 /* OrganisationalSkewerViewController.h */,
				01D4D9662A7CFA2500EFB9D0 /* OrganisationalSkewerViewController.m */,
				01D4D95E2A7CFA2500EFB9D0 /* RadicatAsciiLaxativeView.h */,
				01D4D94B2A7CFA2500EFB9D0 /* RadicatAsciiLaxativeView.m */,
				01D4D9532A7CFA2500EFB9D0 /* RadicatAsciiSupineTableViewCell.h */,
				01D4D96B2A7CFA2500EFB9D0 /* RadicatAsciiSupineTableViewCell.m */,
				01D4D95D2A7CFA2500EFB9D0 /* VrNuptialsPerishedViewController.h */,
				01D4D94C2A7CFA2500EFB9D0 /* VrNuptialsPerishedViewController.m */,
			);
			path = Classes;
			sourceTree = "<group>";
		};
/* End PBXGroup section */

/* Begin PBXNativeTarget section */
		01D4D75D2A7CF76700EFB9D0 /* Runner */ = {
			isa = PBXNativeTarget;
			buildConfigurationList = 01D4D7772A7CF76900EFB9D0 /* Build configuration list for PBXNativeTarget "Runner" */;
			buildPhases = (
				01D4D75A2A7CF76700EFB9D0 /* Sources */,
				01D4D75B2A7CF76700EFB9D0 /* Frameworks */,
				01D4D75C2A7CF76700EFB9D0 /* Resources */,
			);
			buildRules = (
			);
			dependencies = (
			);
			name = Runner;
			productName = Runner;
			productReference = 01D4D75E2A7CF76700EFB9D0 /* Runner.app */;
			productType = "com.apple.product-type.application";
		};
/* End PBXNativeTarget section */

/* Begin PBXProject section */
		01D4D7562A7CF76700EFB9D0 /* Project object */ = {
			isa = PBXProject;
			attributes = {
				BuildIndependentTargetsInParallel = 1;
				LastUpgradeCheck = 1430;
				TargetAttributes = {
					01D4D75D2A7CF76700EFB9D0 = {
						CreatedOnToolsVersion = 14.3;
					};
				};
			};
			buildConfigurationList = 01D4D7592A7CF76700EFB9D0 /* Build configuration list for PBXProject "Runner" */;
			compatibilityVersion = "Xcode 14.0";
			developmentRegion = en;
			hasScannedForEncodings = 0;
			knownRegions = (
				en,
				Base,
			);
			mainGroup = 01D4D7552A7CF76700EFB9D0;
			productRefGroup = 01D4D75F2A7CF76700EFB9D0 /* Products */;
			projectDirPath = "";
			projectRoot = "";
			targets = (
				01D4D75D2A7CF76700EFB9D0 /* Runner */,
			);
		};
/* End PBXProject section */

/* Begin PBXResourcesBuildPhase section */
		01D4D75C2A7CF76700EFB9D0 /* Resources */ = {
			isa = PBXResourcesBuildPhase;
			buildActionMask = 2147483647;
			files = (
				01D4D7712A7CF76900EFB9D0 /* LaunchScreen.storyboard in Resources */,
				01D4D76E2A7CF76900EFB9D0 /* Assets.xcassets in Resources */,
				01D4D76C2A7CF76700EFB9D0 /* Main.storyboard in Resources */,
			);
			runOnlyForDeploymentPostprocessing = 0;
		};
/* End PBXResourcesBuildPhase section */

/* Begin PBXSourcesBuildPhase section */
		01D4D75A2A7CF76700EFB9D0 /* Sources */ = {
			isa = PBXSourcesBuildPhase;
			buildActionMask = 2147483647;
			files = (
				01D4D9722A7CFA2500EFB9D0 /* VrNuptialsPerishedViewController.m in Sources */,
				01D4D7692A7CF76700EFB9D0 /* ViewController.m in Sources */,
				01D4D97D2A7CFA2500EFB9D0 /* BlondWholenessVainlyManager.m in Sources */,
				01D4D9782A7CFA2500EFB9D0 /* FreCompellEventualModel.m in Sources */,
				01D4D97B2A7CFA2500EFB9D0 /* MckPretenceStetsonModel.m in Sources */,
				01D4D9732A7CFA2500EFB9D0 /* MothballYessirRolyManager.m in Sources */,
				01D4D97A2A7CFA2500EFB9D0 /* NdrdonReanimatePlungController.m in Sources */,
				01D4D9752A7CFA2500EFB9D0 /* BrindlAccomplishedViewController.m in Sources */,
				01D4D9832A7CFA2500EFB9D0 /* BasqHolmiumHawkerManager.m in Sources */,
				01D4D9822A7CFA2500EFB9D0 /* RadicatAsciiSupineTableViewCell.m in Sources */,
				01D4D9762A7CFA2500EFB9D0 /* GodhadAitchCivilianViewController.m in Sources */,
				01D4D97F2A7CFA2500EFB9D0 /* LibyanAsciiCharbroilCell.m in Sources */,
				01D4D9772A7CFA2500EFB9D0 /* BrindlFuselageViewController.m in Sources */,
				01D4D7632A7CF76700EFB9D0 /* AppDelegate.m in Sources */,
				01D4D9712A7CFA2500EFB9D0 /* RadicatAsciiLaxativeView.m in Sources */,
				01D4D97E2A7CFA2500EFB9D0 /* OrganisationalSkewerViewController.m in Sources */,
				01D4D9792A7CFA2500EFB9D0 /* FreAimlessly.m in Sources */,
				01D4D9802A7CFA2500EFB9D0 /* ObsSpyglassAbaseTableViewCell.m in Sources */,
				01D4D7742A7CF76900EFB9D0 /* main.m in Sources */,
				01D4D9742A7CFA2500EFB9D0 /* LibyanIrrecoverableManager.m in Sources */,
				01D4D97C2A7CFA2500EFB9D0 /* FryEngagedComelyViewController.m in Sources */,
				01D4D9812A7CFA2500EFB9D0 /* FryDeftSpokenViewController.m in Sources */,
				01D4D7662A7CF76700EFB9D0 /* SceneDelegate.m in Sources */,
			);
			runOnlyForDeploymentPostprocessing = 0;
		};
/* End PBXSourcesBuildPhase section */

/* Begin PBXVariantGroup section */
		01D4D76A2A7CF76700EFB9D0 /* Main.storyboard */ = {
			isa = PBXVariantGroup;
			children = (
				01D4D76B2A7CF76700EFB9D0 /* Base */,
			);
			name = Main.storyboard;
			sourceTree = "<group>";
		};
		01D4D76F2A7CF76900EFB9D0 /* LaunchScreen.storyboard */ = {
			isa = PBXVariantGroup;
			children = (
				01D4D7702A7CF76900EFB9D0 /* Base */,
			);
			name = LaunchScreen.storyboard;
			sourceTree = "<group>";
		};
/* End PBXVariantGroup section */

/* Begin XCBuildConfiguration section */
		01D4D7752A7CF76900EFB9D0 /* Debug */ = {
			isa = XCBuildConfiguration;
			buildSettings = {
				ALWAYS_SEARCH_USER_PATHS = NO;
				CLANG_ANALYZER_NONNULL = YES;
				CLANG_ANALYZER_NUMBER_OBJECT_CONVERSION = YES_AGGRESSIVE;
				CLANG_CXX_LANGUAGE_STANDARD = "gnu++20";
				CLANG_ENABLE_MODULES = YES;
				CLANG_ENABLE_OBJC_ARC = YES;
				CLANG_ENABLE_OBJC_WEAK = YES;
				CLANG_WARN_BLOCK_CAPTURE_AUTORELEASING = YES;
				CLANG_WARN_BOOL_CONVERSION = YES;
				CLANG_WARN_COMMA = YES;
				CLANG_WARN_CONSTANT_CONVERSION = YES;
				CLANG_WARN_DEPRECATED_OBJC_IMPLEMENTATIONS = YES;
				CLANG_WARN_DIRECT_OBJC_ISA_USAGE = YES_ERROR;
				CLANG_WARN_DOCUMENTATION_COMMENTS = YES;
				CLANG_WARN_EMPTY_BODY = YES;
				CLANG_WARN_ENUM_CONVERSION = YES;
				CLANG_WARN_INFINITE_RECURSION = YES;
				CLANG_WARN_INT_CONVERSION = YES;
				CLANG_WARN_NON_LITERAL_NULL_CONVERSION = YES;
				CLANG_WARN_OBJC_IMPLICIT_RETAIN_SELF = YES;
				CLANG_WARN_OBJC_LITERAL_CONVERSION = YES;
				CLANG_WARN_OBJC_ROOT_CLASS = YES_ERROR;
				CLANG_WARN_QUOTED_INCLUDE_IN_FRAMEWORK_HEADER = YES;
				CLANG_WARN_RANGE_LOOP_ANALYSIS = YES;
				CLANG_WARN_STRICT_PROTOTYPES = YES;
				CLANG_WARN_SUSPICIOUS_MOVE = YES;
				CLANG_WARN_UNGUARDED_AVAILABILITY = YES_AGGRESSIVE;
				CLANG_WARN_UNREACHABLE_CODE = YES;
				CLANG_WARN__DUPLICATE_METHOD_MATCH = YES;
				COPY_PHASE_STRIP = NO;
				DEBUG_INFORMATION_FORMAT = dwarf;
				ENABLE_STRICT_OBJC_MSGSEND = YES;
				ENABLE_TESTABILITY = YES;
				GCC_C_LANGUAGE_STANDARD = gnu11;
				GCC_DYNAMIC_NO_PIC = NO;
				GCC_NO_COMMON_BLOCKS = YES;
				GCC_OPTIMIZATION_LEVEL = 0;
				GCC_PREPROCESSOR_DEFINITIONS = (
					"DEBUG=1",
					"$(inherited)",
				);
				GCC_WARN_64_TO_32_BIT_CONVERSION = YES;
				GCC_WARN_ABOUT_RETURN_TYPE = YES_ERROR;
				GCC_WARN_UNDECLARED_SELECTOR = YES;
				GCC_WARN_UNINITIALIZED_AUTOS = YES_AGGRESSIVE;
				GCC_WARN_UNUSED_FUNCTION = YES;
				GCC_WARN_UNUSED_VARIABLE = YES;
				IPHONEOS_DEPLOYMENT_TARGET = 16.4;
				MTL_ENABLE_DEBUG_INFO = INCLUDE_SOURCE;
				MTL_FAST_MATH = YES;
				ONLY_ACTIVE_ARCH = YES;
				SDKROOT = iphoneos;
			};
			name = Debug;
		};
		01D4D7762A7CF76900EFB9D0 /* Release */ = {
			isa = XCBuildConfiguration;
			buildSettings = {
				ALWAYS_SEARCH_USER_PATHS = NO;
				CLANG_ANALYZER_NONNULL = YES;
				CLANG_ANALYZER_NUMBER_OBJECT_CONVERSION = YES_AGGRESSIVE;
				CLANG_CXX_LANGUAGE_STANDARD = "gnu++20";
				CLANG_ENABLE_MODULES = YES;
				CLANG_ENABLE_OBJC_ARC = YES;
				CLANG_ENABLE_OBJC_WEAK = YES;
				CLANG_WARN_BLOCK_CAPTURE_AUTORELEASING = YES;
				CLANG_WARN_BOOL_CONVERSION = YES;
				CLANG_WARN_COMMA = YES;
				CLANG_WARN_CONSTANT_CONVERSION = YES;
				CLANG_WARN_DEPRECATED_OBJC_IMPLEMENTATIONS = YES;
				CLANG_WARN_DIRECT_OBJC_ISA_USAGE = YES_ERROR;
				CLANG_WARN_DOCUMENTATION_COMMENTS = YES;
				CLANG_WARN_EMPTY_BODY = YES;
				CLANG_WARN_ENUM_CONVERSION = YES;
				CLANG_WARN_INFINITE_RECURSION = YES;
				CLANG_WARN_INT_CONVERSION = YES;
				CLANG_WARN_NON_LITERAL_NULL_CONVERSION = YES;
				CLANG_WARN_OBJC_IMPLICIT_RETAIN_SELF = YES;
				CLANG_WARN_OBJC_LITERAL_CONVERSION = YES;
				CLANG_WARN_OBJC_ROOT_CLASS = YES_ERROR;
				CLANG_WARN_QUOTED_INCLUDE_IN_FRAMEWORK_HEADER = YES;
				CLANG_WARN_RANGE_LOOP_ANALYSIS = YES;
				CLANG_WARN_STRICT_PROTOTYPES = YES;
				CLANG_WARN_SUSPICIOUS_MOVE = YES;
				CLANG_WARN_UNGUARDED_AVAILABILITY = YES_AGGRESSIVE;
				CLANG_WARN_UNREACHABLE_CODE = YES;
				CLANG_WARN__DUPLICATE_METHOD_MATCH = YES;
				COPY_PHASE_STRIP = NO;
				DEBUG_INFORMATION_FORMAT = "dwarf-with-dsym";
				ENABLE_NS_ASSERTIONS = NO;
				ENABLE_STRICT_OBJC_MSGSEND = YES;
				GCC_C_LANGUAGE_STANDARD = gnu11;
				GCC_NO_COMMON_BLOCKS = YES;
				GCC_WARN_64_TO_32_BIT_CONVERSION = YES;
				GCC_WARN_ABOUT_RETURN_TYPE = YES_ERROR;
				GCC_WARN_UNDECLARED_SELECTOR = YES;
				GCC_WARN_UNINITIALIZED_AUTOS = YES_AGGRESSIVE;
				GCC_WARN_UNUSED_FUNCTION = YES;
				GCC_WARN_UNUSED_VARIABLE = YES;
				IPHONEOS_DEPLOYMENT_TARGET = 16.4;
				MTL_ENABLE_DEBUG_INFO = NO;
				MTL_FAST_MATH = YES;
				SDKROOT = iphoneos;
				VALIDATE_PRODUCT = YES;
			};
			name = Release;
		};
		01D4D7782A7CF76900EFB9D0 /* Debug */ = {
			isa = XCBuildConfiguration;
			buildSettings = {
				ASSETCATALOG_COMPILER_APPICON_NAME = AppIcon;
				ASSETCATALOG_COMPILER_GLOBAL_ACCENT_COLOR_NAME = AccentColor;
				CODE_SIGN_STYLE = Automatic;
				CURRENT_PROJECT_VERSION = 1;
				GENERATE_INFOPLIST_FILE = YES;
				INFOPLIST_FILE = Runner/Info.plist;
				INFOPLIST_KEY_UIApplicationSupportsIndirectInputEvents = YES;
				INFOPLIST_KEY_UILaunchStoryboardName = LaunchScreen;
				INFOPLIST_KEY_UIMainStoryboardFile = Main;
				INFOPLIST_KEY_UISupportedInterfaceOrientations_iPad = "UIInterfaceOrientationPortrait UIInterfaceOrientationPortraitUpsideDown UIInterfaceOrientationLandscapeLeft UIInterfaceOrientationLandscapeRight";
				INFOPLIST_KEY_UISupportedInterfaceOrientations_iPhone = "UIInterfaceOrientationPortrait UIInterfaceOrientationLandscapeLeft UIInterfaceOrientationLandscapeRight";
				LD_RUNPATH_SEARCH_PATHS = (
					"$(inherited)",
					"@executable_path/Frameworks",
				);
				MARKETING_VERSION = 1.0;
				PRODUCT_BUNDLE_IDENTIFIER = WhiteWhaleTech.Runner;
				PRODUCT_NAME = "$(TARGET_NAME)";
				SWIFT_EMIT_LOC_STRINGS = YES;
				TARGETED_DEVICE_FAMILY = "1,2";
			};
			name = Debug;
		};
		01D4D7792A7CF76900EFB9D0 /* Release */ = {
			isa = XCBuildConfiguration;
			buildSettings = {
				ASSETCATALOG_COMPILER_APPICON_NAME = AppIcon;
				ASSETCATALOG_COMPILER_GLOBAL_ACCENT_COLOR_NAME = AccentColor;
				CODE_SIGN_STYLE = Automatic;
				CURRENT_PROJECT_VERSION = 1;
				GENERATE_INFOPLIST_FILE = YES;
				INFOPLIST_FILE = Runner/Info.plist;
				INFOPLIST_KEY_UIApplicationSupportsIndirectInputEvents = YES;
				INFOPLIST_KEY_UILaunchStoryboardName = LaunchScreen;
				INFOPLIST_KEY_UIMainStoryboardFile = Main;
				INFOPLIST_KEY_UISupportedInterfaceOrientations_iPad = "UIInterfaceOrientationPortrait UIInterfaceOrientationPortraitUpsideDown UIInterfaceOrientationLandscapeLeft UIInterfaceOrientationLandscapeRight";
				INFOPLIST_KEY_UISupportedInterfaceOrientations_iPhone = "UIInterfaceOrientationPortrait UIInterfaceOrientationLandscapeLeft UIInterfaceOrientationLandscapeRight";
				LD_RUNPATH_SEARCH_PATHS = (
					"$(inherited)",
					"@executable_path/Frameworks",
				);
				MARKETING_VERSION = 1.0;
				PRODUCT_BUNDLE_IDENTIFIER = WhiteWhaleTech.Runner;
				PRODUCT_NAME = "$(TARGET_NAME)";
				SWIFT_EMIT_LOC_STRINGS = YES;
				TARGETED_DEVICE_FAMILY = "1,2";
			};
			name = Release;
		};
/* End XCBuildConfiguration section */

/* Begin XCConfigurationList section */
		01D4D7592A7CF76700EFB9D0 /* Build configuration list for PBXProject "Runner" */ = {
			isa = XCConfigurationList;
			buildConfigurations = (
				01D4D7752A7CF76900EFB9D0 /* Debug */,
				01D4D7762A7CF76900EFB9D0 /* Release */,
			);
			defaultConfigurationIsVisible = 0;
			defaultConfigurationName = Release;
		};
		01D4D7772A7CF76900EFB9D0 /* Build configuration list for PBXNativeTarget "Runner" */ = {
			isa = XCConfigurationList;
			buildConfigurations = (
				01D4D7782A7CF76900EFB9D0 /* Debug */,
				01D4D7792A7CF76900EFB9D0 /* Release */,
			);
			defaultConfigurationIsVisible = 0;
			defaultConfigurationName = Release;
		};
/* End XCConfigurationList section */
	};
	rootObject = 01D4D7562A7CF76700EFB9D0 /* Project object */;
}
